lockfileVersion: '9.0'

settings:
  autoInstallPeers: true
  excludeLinksFromLockfile: false

importers:

  .:
    dependencies:
      heic-convert:
        specifier: ^2.1.0
        version: 2.1.0
      self-update:
        specifier: ^0.0.1
        version: 0.0.1

packages:

  heic-convert@2.1.0:
    resolution: {integrity: sha512-1qDuRvEHifTVAj3pFIgkqGgJIr0M3X7cxEPjEp0oG4mo8GFjq99DpCo8Eg3kg17Cy0MTjxpFdoBHOatj7ZVKtg==}
    engines: {node: '>=12.0.0'}

  heic-decode@2.0.0:
    resolution: {integrity: sha512-NU+zsiDvdL+EebyTjrEqjkO2XYI7FgLhQzsbmO8dnnYce3S0PBSDm/ZyI4KpcGPXYEdb5W72vp/AQFuc4F8ASg==}
    engines: {node: '>=8.0.0'}

  jpeg-js@0.4.4:
    resolution: {integrity: sha512-WZzeDOEtTOBK4Mdsar0IqEU5sMr3vSV2RqkAIzUEV2BHnUfKGyswWFPFwK5EeDo93K3FohSHbLAjj0s1Wzd+dg==}

  libheif-js@1.18.2:
    resolution: {integrity: sha512-4Nk0dKhhRfVS4mECcX2jSDpNU6gcHQLneJjkGQq61N8COGtjSpSA3CI+1Q3kUYv5Vf+SwIqUtaDSdU6JO37c6w==}
    engines: {node: '>=8.0.0'}

  pngjs@6.0.0:
    resolution: {integrity: sha512-TRzzuFRRmEoSW/p1KVAmiOgPco2Irlah+bGFCeNfJXxxYGwSw7YwAOAcd7X28K/m5bjBWKsC29KyoMfHbypayg==}
    engines: {node: '>=12.13.0'}

  self-update@0.0.1:
    resolution: {integrity: sha512-q0mbbnXYlSZmTOQ5jT+WS43M4FnmVzhV2KbQrLUAvJzNNnEznSNy2j+nFHzO/tUXDArlN4byo3FW0GHaEV0GdA==}

snapshots:

  heic-convert@2.1.0:
    dependencies:
      heic-decode: 2.0.0
      jpeg-js: 0.4.4
      pngjs: 6.0.0

  heic-decode@2.0.0:
    dependencies:
      libheif-js: 1.18.2

  jpeg-js@0.4.4: {}

  libheif-js@1.18.2: {}

  pngjs@6.0.0: {}

  self-update@0.0.1: {}
